// !$*UTF8*$!
{
	archiveVersion = 1;
	classes = {
	};
	objectVersion = 46;
	objects = {

/* Begin PBXBuildFile section */
		A59145A018B67B9E00EA46C1 /* destinyViewAboutNavViewController.m in Sources */ = {isa = PBXBuildFile; fileRef = A591459F18B67B9E00EA46C1 /* destinyViewAboutNavViewController.m */; };
		A595B1F218B3ED79008DD02F /* Foundation.framework in Frameworks */ = {isa = PBXBuildFile; fileRef = A595B1F118B3ED79008DD02F /* Foundation.framework */; };
		A595B1F418B3ED79008DD02F /* CoreGraphics.framework in Frameworks */ = {isa = PBXBuildFile; fileRef = A595B1F318B3ED79008DD02F /* CoreGraphics.framework */; };
		A595B1F618B3ED79008DD02F /* UIKit.framework in Frameworks */ = {isa = PBXBuildFile; fileRef = A595B1F518B3ED79008DD02F /* UIKit.framework */; };
		A595B1FC18B3ED79008DD02F /* InfoPlist.strings in Resources */ = {isa = PBXBuildFile; fileRef = A595B1FA18B3ED79008DD02F /* InfoPlist.strings */; };
		A595B1FE18B3ED79008DD02F /* main.m in Sources */ = {isa = PBXBuildFile; fileRef = A595B1FD18B3ED79008DD02F /* main.m */; };
		A595B20218B3ED79008DD02F /* AppDelegate.m in Sources */ = {isa = PBXBuildFile; fileRef = A595B20118B3ED79008DD02F /* AppDelegate.m */; };
		A595B20518B3ED79008DD02F /* Main.storyboard in Resources */ = {isa = PBXBuildFile; fileRef = A595B20318B3ED79008DD02F /* Main.storyboard */; };
		A595B20A18B3ED79008DD02F /* Images.xcassets in Resources */ = {isa = PBXBuildFile; fileRef = A595B20918B3ED79008DD02F /* Images.xcassets */; };
		A595B21118B3ED79008DD02F /* XCTest.framework in Frameworks */ = {isa = PBXBuildFile; fileRef = A595B21018B3ED79008DD02F /* XCTest.framework */; };
		A595B21218B3ED79008DD02F /* Foundation.framework in Frameworks */ = {isa = PBXBuildFile; fileRef = A595B1F118B3ED79008DD02F /* Foundation.framework */; };
		A595B21318B3ED79008DD02F /* UIKit.framework in Frameworks */ = {isa = PBXBuildFile; fileRef = A595B1F518B3ED79008DD02F /* UIKit.framework */; };
		A595B21B18B3ED79008DD02F /* InfoPlist.strings in Resources */ = {isa = PBXBuildFile; fileRef = A595B21918B3ED79008DD02F /* InfoPlist.strings */; };
		A595B21D18B3ED79008DD02F /* DestinyNumbersv2Tests.m in Sources */ = {isa = PBXBuildFile; fileRef = A595B21C18B3ED79008DD02F /* DestinyNumbersv2Tests.m */; };
		A595B22E18B3F288008DD02F /* DestinyNumberNavViewController.m in Sources */ = {isa = PBXBuildFile; fileRef = A595B22D18B3F288008DD02F /* DestinyNumberNavViewController.m */; };
		A595B23118B3F2E9008DD02F /* DestinyNumberTabBarController.m in Sources */ = {isa = PBXBuildFile; fileRef = A595B23018B3F2E9008DD02F /* DestinyNumberTabBarController.m */; };
		A595B23418B3F30C008DD02F /* DestinyNumberViewController.m in Sources */ = {isa = PBXBuildFile; fileRef = A595B23318B3F30C008DD02F /* DestinyNumberViewController.m */; };
		A595B23718B3F323008DD02F /* destinyViewAboutViewController.m in Sources */ = {isa = PBXBuildFile; fileRef = A595B23618B3F323008DD02F /* destinyViewAboutViewController.m */; };
		A595B23A18B3F97C008DD02F /* DestinyNumbers.m in Sources */ = {isa = PBXBuildFile; fileRef = A595B23918B3F97C008DD02F /* DestinyNumbers.m */; };
		A5F427E81D0B450000374950 /* Default-568h@2x.png in Resources */ = {isa = PBXBuildFile; fileRef = A53DB4FF1CEE2DB50004D62C /* Default-568h@2x.png */; };
		A5F427E91D0B450000374950 /* Icon-60.png in Resources */ = {isa = PBXBuildFile; fileRef = A53DB4E51CEE2CB80004D62C /* Icon-60.png */; };
		A5F427EA1D0B450000374950 /* Icon-60@2x.png in Resources */ = {isa = PBXBuildFile; fileRef = A53DB4E61CEE2CB80004D62C /* Icon-60@2x.png */; };
		A5F427EB1D0B450000374950 /* Icon-60@3x.png in Resources */ = {isa = PBXBuildFile; fileRef = A53DB4E71CEE2CB80004D62C /* Icon-60@3x.png */; };
		A5F427EC1D0B450000374950 /* Icon-76.png in Resources */ = {isa = PBXBuildFile; fileRef = A53DB4E81CEE2CB80004D62C /* Icon-76.png */; };
		A5F427ED1D0B450000374950 /* Icon-76@2x.png in Resources */ = {isa = PBXBuildFile; fileRef = A53DB4E91CEE2CB80004D62C /* Icon-76@2x.png */; };
		A5F427EE1D0B450000374950 /* Icon-76@3x.png in Resources */ = {isa = PBXBuildFile; fileRef = A53DB4EA1CEE2CB80004D62C /* Icon-76@3x.png */; };
		A5F427EF1D0B450000374950 /* Icon-iPadPro@2x.png in Resources */ = {isa = PBXBuildFile; fileRef = A53DB4EB1CEE2CB80004D62C /* Icon-iPadPro@2x.png */; };
		A5F427F01D0B450000374950 /* Icon-Small.png in Resources */ = {isa = PBXBuildFile; fileRef = A53DB4EC1CEE2CB80004D62C /* Icon-Small.png */; };
		A5F427F11D0B450000374950 /* Icon-Small@2x.png in Resources */ = {isa = PBXBuildFile; fileRef = A53DB4ED1CEE2CB80004D62C /* Icon-Small@2x.png */; };
		A5F427F21D0B450000374950 /* Icon-Small@3x.png in Resources */ = {isa = PBXBuildFile; fileRef = A53DB4EE1CEE2CB80004D62C /* Icon-Small@3x.png */; };
		A5F427F31D0B450000374950 /* Icon-Spotlight-40.png in Resources */ = {isa = PBXBuildFile; fileRef = A53DB4EF1CEE2CB80004D62C /* Icon-Spotlight-40.png */; };
		A5F427F41D0B450000374950 /* Icon-Spotlight-40@2x.png in Resources */ = {isa = PBXBuildFile; fileRef = A53DB4F01CEE2CB80004D62C /* Icon-Spotlight-40@2x.png */; };
		A5F427F51D0B450000374950 /* Icon-Spotlight-40@3x.png in Resources */ = {isa = PBXBuildFile; fileRef = A53DB4F11CEE2CB80004D62C /* Icon-Spotlight-40@3x.png */; };
		A5F427F61D0B450000374950 /* info.png in Resources */ = {isa = PBXBuildFile; fileRef = A591457A18B6552E00EA46C1 /* info.png */; };
		A5F427F71D0B450000374950 /* rank.png in Resources */ = {isa = PBXBuildFile; fileRef = A591457C18B6556000EA46C1 /* rank.png */; };
/* End PBXBuildFile section */

/* Begin PBXContainerItemProxy section */
		A595B21418B3ED79008DD02F /* PBXContainerItemProxy */ = {
			isa = PBXContainerItemProxy;
			containerPortal = A595B1E618B3ED79008DD02F /* Project object */;
			proxyType = 1;
			remoteGlobalIDString = A595B1ED18B3ED79008DD02F;
			remoteInfo = DestinyNumbersv2;
		};
/* End PBXContainerItemProxy section */

/* Begin PBXFileReference section */
		A53DB4E51CEE2CB80004D62C /* Icon-60.png */ = {isa = PBXFileReference; lastKnownFileType = image.png; path = "Icon-60.png"; sourceTree = "<group>"; };
		A53DB4E61CEE2CB80004D62C /* Icon-60@2x.png */ = {isa = PBXFileReference; lastKnownFileType = image.png; path = "Icon-60@2x.png"; sourceTree = "<group>"; };
		A53DB4E71CEE2CB80004D62C /* Icon-60@3x.png */ = {isa = PBXFileReference; lastKnownFileType = image.png; path = "Icon-60@3x.png"; sourceTree = "<group>"; };
		A53DB4E81CEE2CB80004D62C /* Icon-76.png */ = {isa = PBXFileReference; lastKnownFileType = image.png; path = "Icon-76.png"; sourceTree = "<group>"; };
		A53DB4E91CEE2CB80004D62C /* Icon-76@2x.png */ = {isa = PBXFileReference; lastKnownFileType = image.png; path = "Icon-76@2x.png"; sourceTree = "<group>"; };
		A53DB4EA1CEE2CB80004D62C /* Icon-76@3x.png */ = {isa = PBXFileReference; lastKnownFileType = image.png; path = "Icon-76@3x.png"; sourceTree = "<group>"; };
		A53DB4EB1CEE2CB80004D62C /* Icon-iPadPro@2x.png */ = {isa = PBXFileReference; lastKnownFileType = image.png; path = "Icon-iPadPro@2x.png"; sourceTree = "<group>"; };
		A53DB4EC1CEE2CB80004D62C /* Icon-Small.png */ = {isa = PBXFileReference; lastKnownFileType = image.png; path = "Icon-Small.png"; sourceTree = "<group>"; };
		A53DB4ED1CEE2CB80004D62C /* Icon-Small@2x.png */ = {isa = PBXFileReference; lastKnownFileType = image.png; path = "Icon-Small@2x.png"; sourceTree = "<group>"; };
		A53DB4EE1CEE2CB80004D62C /* Icon-Small@3x.png */ = {isa = PBXFileReference; lastKnownFileType = image.png; path = "Icon-Small@3x.png"; sourceTree = "<group>"; };
		A53DB4EF1CEE2CB80004D62C /* Icon-Spotlight-40.png */ = {isa = PBXFileReference; lastKnownFileType = image.png; path = "Icon-Spotlight-40.png"; sourceTree = "<group>"; };
		A53DB4F01CEE2CB80004D62C /* Icon-Spotlight-40@2x.png */ = {isa = PBXFileReference; lastKnownFileType = image.png; path = "Icon-Spotlight-40@2x.png"; sourceTree = "<group>"; };
		A53DB4F11CEE2CB80004D62C /* Icon-Spotlight-40@3x.png */ = {isa = PBXFileReference; lastKnownFileType = image.png; path = "Icon-Spotlight-40@3x.png"; sourceTree = "<group>"; };
		A53DB4FF1CEE2DB50004D62C /* Default-568h@2x.png */ = {isa = PBXFileReference; lastKnownFileType = image.png; name = "Default-568h@2x.png"; path = "../Default-568h@2x.png"; sourceTree = "<group>"; };
		A5557F4418B5228A0001AF24 /* destiny_numbers_logo.jpg */ = {isa = PBXFileReference; lastKnownFileType = image.jpeg; path = destiny_numbers_logo.jpg; sourceTree = "<group>"; };
		A5557F4618B5228A0001AF24 /* destiny_numbers_logo.png */ = {isa = PBXFileReference; lastKnownFileType = image.png; path = destiny_numbers_logo.png; sourceTree = "<group>"; };
		A5557F5918B5228A0001AF24 /* logo2.jpg */ = {isa = PBXFileReference; lastKnownFileType = image.jpeg; path = logo2.jpg; sourceTree = "<group>"; };
		A591457A18B6552E00EA46C1 /* info.png */ = {isa = PBXFileReference; lastKnownFileType = image.png; path = info.png; sourceTree = "<group>"; };
		A591457C18B6556000EA46C1 /* rank.png */ = {isa = PBXFileReference; lastKnownFileType = image.png; path = rank.png; sourceTree = "<group>"; };
		A591457E18B65ADE00EA46C1 /* Icon-60.png */ = {isa = PBXFileReference; lastKnownFileType = image.png; path = "Icon-60.png"; sourceTree = "<group>"; };
		A591457F18B65ADE00EA46C1 /* Icon-60@2x.png */ = {isa = PBXFileReference; lastKnownFileType = image.png; path = "Icon-60@2x.png"; sourceTree = "<group>"; };
		A591458018B65ADE00EA46C1 /* Icon-72.png */ = {isa = PBXFileReference; lastKnownFileType = image.png; path = "Icon-72.png"; sourceTree = "<group>"; };
		A591458118B65ADE00EA46C1 /* Icon-72@2x.png */ = {isa = PBXFileReference; lastKnownFileType = image.png; path = "Icon-72@2x.png"; sourceTree = "<group>"; };
		A591458218B65ADE00EA46C1 /* Icon-76.png */ = {isa = PBXFileReference; lastKnownFileType = image.png; path = "Icon-76.png"; sourceTree = "<group>"; };
		A591458318B65ADE00EA46C1 /* Icon-76@2x.png */ = {isa = PBXFileReference; lastKnownFileType = image.png; path = "Icon-76@2x.png"; sourceTree = "<group>"; };
		A591458418B65ADE00EA46C1 /* Icon-Small-50.png */ = {isa = PBXFileReference; lastKnownFileType = image.png; path = "Icon-Small-50.png"; sourceTree = "<group>"; };
		A591458518B65ADE00EA46C1 /* Icon-Small-50@2x.png */ = {isa = PBXFileReference; lastKnownFileType = image.png; path = "Icon-Small-50@2x.png"; sourceTree = "<group>"; };
		A591458618B65ADE00EA46C1 /* Icon-Small.png */ = {isa = PBXFileReference; lastKnownFileType = image.png; path = "Icon-Small.png"; sourceTree = "<group>"; };
		A591458718B65ADE00EA46C1 /* Icon-Small@2x.png */ = {isa = PBXFileReference; lastKnownFileType = image.png; path = "Icon-Small@2x.png"; sourceTree = "<group>"; };
		A591458818B65ADE00EA46C1 /* Icon-Spotlight-40.png */ = {isa = PBXFileReference; lastKnownFileType = image.png; path = "Icon-Spotlight-40.png"; sourceTree = "<group>"; };
		A591458918B65ADE00EA46C1 /* Icon-Spotlight-40@2x.png */ = {isa = PBXFileReference; lastKnownFileType = image.png; path = "Icon-Spotlight-40@2x.png"; sourceTree = "<group>"; };
		A591458A18B65ADE00EA46C1 /* Icon.png */ = {isa = PBXFileReference; lastKnownFileType = image.png; path = Icon.png; sourceTree = "<group>"; };
		A591458B18B65ADE00EA46C1 /* Icon@2x.png */ = {isa = PBXFileReference; lastKnownFileType = image.png; path = "Icon@2x.png"; sourceTree = "<group>"; };
		A591458C18B65ADE00EA46C1 /* iTunesArtwork */ = {isa = PBXFileReference; lastKnownFileType = file; path = iTunesArtwork; sourceTree = "<group>"; };
		A591458D18B65ADE00EA46C1 /* iTunesArtwork@2x */ = {isa = PBXFileReference; lastKnownFileType = file; path = "iTunesArtwork@2x"; sourceTree = "<group>"; };
		A591459E18B67B9E00EA46C1 /* destinyViewAboutNavViewController.h */ = {isa = PBXFileReference; fileEncoding = 4; lastKnownFileType = sourcecode.c.h; path = destinyViewAboutNavViewController.h; sourceTree = "<group>"; };
		A591459F18B67B9E00EA46C1 /* destinyViewAboutNavViewController.m */ = {isa = PBXFileReference; fileEncoding = 4; lastKnownFileType = sourcecode.c.objc; path = destinyViewAboutNavViewController.m; sourceTree = "<group>"; };
		A595B1EE18B3ED79008DD02F /* Destiny Numbers.app */ = {isa = PBXFileReference; explicitFileType = wrapper.application; includeInIndex = 0; path = "Destiny Numbers.app"; sourceTree = BUILT_PRODUCTS_DIR; };
		A595B1F118B3ED79008DD02F /* Foundation.framework */ = {isa = PBXFileReference; lastKnownFileType = wrapper.framework; name = Foundation.framework; path = System/Library/Frameworks/Foundation.framework; sourceTree = SDKROOT; };
		A595B1F318B3ED79008DD02F /* CoreGraphics.framework */ = {isa = PBXFileReference; lastKnownFileType = wrapper.framework; name = CoreGraphics.framework; path = System/Library/Frameworks/CoreGraphics.framework; sourceTree = SDKROOT; };
		A595B1F518B3ED79008DD02F /* UIKit.framework */ = {isa = PBXFileReference; lastKnownFileType = wrapper.framework; name = UIKit.framework; path = System/Library/Frameworks/UIKit.framework; sourceTree = SDKROOT; };
		A595B1F918B3ED79008DD02F /* DestinyNumbersv2-Info.plist */ = {isa = PBXFileReference; lastKnownFileType = text.plist.xml; path = "DestinyNumbersv2-Info.plist"; sourceTree = "<group>"; };
		A595B1FB18B3ED79008DD02F /* en */ = {isa = PBXFileReference; lastKnownFileType = text.plist.strings; name = en; path = en.lproj/InfoPlist.strings; sourceTree = "<group>"; };
		A595B1FD18B3ED79008DD02F /* main.m */ = {isa = PBXFileReference; lastKnownFileType = sourcecode.c.objc; path = main.m; sourceTree = "<group>"; };
		A595B1FF18B3ED79008DD02F /* DestinyNumbersv2-Prefix.pch */ = {isa = PBXFileReference; lastKnownFileType = sourcecode.c.h; path = "DestinyNumbersv2-Prefix.pch"; sourceTree = "<group>"; };
		A595B20018B3ED79008DD02F /* AppDelegate.h */ = {isa = PBXFileReference; lastKnownFileType = sourcecode.c.h; path = AppDelegate.h; sourceTree = "<group>"; };
		A595B20118B3ED79008DD02F /* AppDelegate.m */ = {isa = PBXFileReference; lastKnownFileType = sourcecode.c.objc; path = AppDelegate.m; sourceTree = "<group>"; };
		A595B20418B3ED79008DD02F /* Base */ = {isa = PBXFileReference; lastKnownFileType = file.storyboard; name = Base; path = Base.lproj/Main.storyboard; sourceTree = "<group>"; };
		A595B20918B3ED79008DD02F /* Images.xcassets */ = {isa = PBXFileReference; lastKnownFileType = folder.assetcatalog; path = Images.xcassets; sourceTree = "<group>"; };
		A595B20F18B3ED79008DD02F /* DestinyNumbersv2Tests.xctest */ = {isa = PBXFileReference; explicitFileType = wrapper.cfbundle; includeInIndex = 0; path = DestinyNumbersv2Tests.xctest; sourceTree = BUILT_PRODUCTS_DIR; };
		A595B21018B3ED79008DD02F /* XCTest.framework */ = {isa = PBXFileReference; lastKnownFileType = wrapper.framework; name = XCTest.framework; path = Library/Frameworks/XCTest.framework; sourceTree = DEVELOPER_DIR; };
		A595B21818B3ED79008DD02F /* DestinyNumbersv2Tests-Info.plist */ = {isa = PBXFileReference; lastKnownFileType = text.plist.xml; path = "DestinyNumbersv2Tests-Info.plist"; sourceTree = "<group>"; };
		A595B21A18B3ED79008DD02F /* en */ = {isa = PBXFileReference; lastKnownFileType = text.plist.strings; name = en; path = en.lproj/InfoPlist.strings; sourceTree = "<group>"; };
		A595B21C18B3ED79008DD02F /* DestinyNumbersv2Tests.m */ = {isa = PBXFileReference; lastKnownFileType = sourcecode.c.objc; path = DestinyNumbersv2Tests.m; sourceTree = "<group>"; };
		A595B22C18B3F288008DD02F /* DestinyNumberNavViewController.h */ = {isa = PBXFileReference; fileEncoding = 4; lastKnownFileType = sourcecode.c.h; path = DestinyNumberNavViewController.h; sourceTree = "<group>"; };
		A595B22D18B3F288008DD02F /* DestinyNumberNavViewController.m */ = {isa = PBXFileReference; fileEncoding = 4; lastKnownFileType = sourcecode.c.objc; path = DestinyNumberNavViewController.m; sourceTree = "<group>"; };
		A595B22F18B3F2E9008DD02F /* DestinyNumberTabBarController.h */ = {isa = PBXFileReference; fileEncoding = 4; lastKnownFileType = sourcecode.c.h; name = DestinyNumberTabBarController.h; path = ../DestinyNumberTabBarController.h; sourceTree = "<group>"; };
		A595B23018B3F2E9008DD02F /* DestinyNumberTabBarController.m */ = {isa = PBXFileReference; fileEncoding = 4; lastKnownFileType = sourcecode.c.objc; name = DestinyNumberTabBarController.m; path = ../DestinyNumberTabBarController.m; sourceTree = "<group>"; };
		A595B23218B3F30C008DD02F /* DestinyNumberViewController.h */ = {isa = PBXFileReference; fileEncoding = 4; lastKnownFileType = sourcecode.c.h; path = DestinyNumberViewController.h; sourceTree = "<group>"; };
		A595B23318B3F30C008DD02F /* DestinyNumberViewController.m */ = {isa = PBXFileReference; fileEncoding = 4; lastKnownFileType = sourcecode.c.objc; path = DestinyNumberViewController.m; sourceTree = "<group>"; };
		A595B23518B3F323008DD02F /* destinyViewAboutViewController.h */ = {isa = PBXFileReference; fileEncoding = 4; lastKnownFileType = sourcecode.c.h; path = destinyViewAboutViewController.h; sourceTree = "<group>"; };
		A595B23618B3F323008DD02F /* destinyViewAboutViewController.m */ = {isa = PBXFileReference; fileEncoding = 4; lastKnownFileType = sourcecode.c.objc; path = destinyViewAboutViewController.m; sourceTree = "<group>"; };
		A595B23818B3F97C008DD02F /* DestinyNumbers.h */ = {isa = PBXFileReference; fileEncoding = 4; lastKnownFileType = sourcecode.c.h; path = DestinyNumbers.h; sourceTree = "<group>"; };
		A595B23918B3F97C008DD02F /* DestinyNumbers.m */ = {isa = PBXFileReference; fileEncoding = 4; lastKnownFileType = sourcecode.c.objc; path = DestinyNumbers.m; sourceTree = "<group>"; };
/* End PBXFileReference section */

/* Begin PBXFrameworksBuildPhase section */
		A595B1EB18B3ED79008DD02F /* Frameworks */ = {
			isa = PBXFrameworksBuildPhase;
			buildActionMask = 2147483647;
			files = (
				A595B1F418B3ED79008DD02F /* CoreGraphics.framework in Frameworks */,
				A595B1F618B3ED79008DD02F /* UIKit.framework in Frameworks */,
				A595B1F218B3ED79008DD02F /* Foundation.framework in Frameworks */,
			);
			runOnlyForDeploymentPostprocessing = 0;
		};
		A595B20C18B3ED79008DD02F /* Frameworks */ = {
			isa = PBXFrameworksBuildPhase;
			buildActionMask = 2147483647;
			files = (
				A595B21118B3ED79008DD02F /* XCTest.framework in Frameworks */,
				A595B21318B3ED79008DD02F /* UIKit.framework in Frameworks */,
				A595B21218B3ED79008DD02F /* Foundation.framework in Frameworks */,
			);
			runOnlyForDeploymentPostprocessing = 0;
		};
/* End PBXFrameworksBuildPhase section */

/* Begin PBXGroup section */
		A5557F4318B5228A0001AF24 /* DestinyNumbers */ = {
			isa = PBXGroup;
			children = (
				A591457E18B65ADE00EA46C1 /* Icon-60.png */,
				A591457F18B65ADE00EA46C1 /* Icon-60@2x.png */,
				A591458018B65ADE00EA46C1 /* Icon-72.png */,
				A591458118B65ADE00EA46C1 /* Icon-72@2x.png */,
				A591458218B65ADE00EA46C1 /* Icon-76.png */,
				A591458318B65ADE00EA46C1 /* Icon-76@2x.png */,
				A591458418B65ADE00EA46C1 /* Icon-Small-50.png */,
				A591458518B65ADE00EA46C1 /* Icon-Small-50@2x.png */,
				A591458618B65ADE00EA46C1 /* Icon-Small.png */,
				A591458718B65ADE00EA46C1 /* Icon-Small@2x.png */,
				A591458818B65ADE00EA46C1 /* Icon-Spotlight-40.png */,
				A591458918B65ADE00EA46C1 /* Icon-Spotlight-40@2x.png */,
				A591458A18B65ADE00EA46C1 /* Icon.png */,
				A591458B18B65ADE00EA46C1 /* Icon@2x.png */,
				A591458C18B65ADE00EA46C1 /* iTunesArtwork */,
				A591458D18B65ADE00EA46C1 /* iTunesArtwork@2x */,
				A5557F4418B5228A0001AF24 /* destiny_numbers_logo.jpg */,
				A5557F4618B5228A0001AF24 /* destiny_numbers_logo.png */,
				A5557F5918B5228A0001AF24 /* logo2.jpg */,
			);
			path = DestinyNumbers;
			sourceTree = "<group>";
		};
		A595B1E518B3ED79008DD02F = {
			isa = PBXGroup;
			children = (
				A595B1F718B3ED79008DD02F /* DestinyNumbersv2 */,
				A595B21618B3ED79008DD02F /* DestinyNumbersv2Tests */,
				A595B1F018B3ED79008DD02F /* Frameworks */,
				A595B1EF18B3ED79008DD02F /* Products */,
			);
			sourceTree = "<group>";
		};
		A595B1EF18B3ED79008DD02F /* Products */ = {
			isa = PBXGroup;
			children = (
				A595B1EE18B3ED79008DD02F /* Destiny Numbers.app */,
				A595B20F18B3ED79008DD02F /* DestinyNumbersv2Tests.xctest */,
			);
			name = Products;
			sourceTree = "<group>";
		};
		A595B1F018B3ED79008DD02F /* Frameworks */ = {
			isa = PBXGroup;
			children = (
				A595B1F118B3ED79008DD02F /* Foundation.framework */,
				A595B1F318B3ED79008DD02F /* CoreGraphics.framework */,
				A595B1F518B3ED79008DD02F /* UIKit.framework */,
				A595B21018B3ED79008DD02F /* XCTest.framework */,
			);
			name = Frameworks;
			sourceTree = "<group>";
		};
		A595B1F718B3ED79008DD02F /* DestinyNumbersv2 */ = {
			isa = PBXGroup;
			children = (
				A595B23B18B40060008DD02F /* images */,
				A595B23818B3F97C008DD02F /* DestinyNumbers.h */,
				A595B23918B3F97C008DD02F /* DestinyNumbers.m */,
				A595B22F18B3F2E9008DD02F /* DestinyNumberTabBarController.h */,
				A595B23018B3F2E9008DD02F /* DestinyNumberTabBarController.m */,
				A595B20018B3ED79008DD02F /* AppDelegate.h */,
				A595B20118B3ED79008DD02F /* AppDelegate.m */,
				A595B20318B3ED79008DD02F /* Main.storyboard */,
				A595B23218B3F30C008DD02F /* DestinyNumberViewController.h */,
				A595B23318B3F30C008DD02F /* DestinyNumberViewController.m */,
				A595B23518B3F323008DD02F /* destinyViewAboutViewController.h */,
				A591459E18B67B9E00EA46C1 /* destinyViewAboutNavViewController.h */,
				A591459F18B67B9E00EA46C1 /* destinyViewAboutNavViewController.m */,
				A595B23618B3F323008DD02F /* destinyViewAboutViewController.m */,
				A595B22C18B3F288008DD02F /* DestinyNumberNavViewController.h */,
				A595B22D18B3F288008DD02F /* DestinyNumberNavViewController.m */,
				A595B20918B3ED79008DD02F /* Images.xcassets */,
				A595B1F818B3ED79008DD02F /* Supporting Files */,
			);
			path = DestinyNumbersv2;
			sourceTree = "<group>";
		};
		A595B1F818B3ED79008DD02F /* Supporting Files */ = {
			isa = PBXGroup;
			children = (
				A595B1F918B3ED79008DD02F /* DestinyNumbersv2-Info.plist */,
				A595B1FA18B3ED79008DD02F /* InfoPlist.strings */,
				A595B1FD18B3ED79008DD02F /* main.m */,
				A595B1FF18B3ED79008DD02F /* DestinyNumbersv2-Prefix.pch */,
			);
			name = "Supporting Files";
			sourceTree = "<group>";
		};
		A595B21618B3ED79008DD02F /* DestinyNumbersv2Tests */ = {
			isa = PBXGroup;
			children = (
				A595B21C18B3ED79008DD02F /* DestinyNumbersv2Tests.m */,
				A595B21718B3ED79008DD02F /* Supporting Files */,
			);
			path = DestinyNumbersv2Tests;
			sourceTree = "<group>";
		};
		A595B21718B3ED79008DD02F /* Supporting Files */ = {
			isa = PBXGroup;
			children = (
				A595B21818B3ED79008DD02F /* DestinyNumbersv2Tests-Info.plist */,
				A595B21918B3ED79008DD02F /* InfoPlist.strings */,
			);
			name = "Supporting Files";
			sourceTree = "<group>";
		};
		A595B23B18B40060008DD02F /* images */ = {
			isa = PBXGroup;
			children = (
				A53DB4FF1CEE2DB50004D62C /* Default-568h@2x.png */,
				A53DB4E51CEE2CB80004D62C /* Icon-60.png */,
				A53DB4E61CEE2CB80004D62C /* Icon-60@2x.png */,
				A53DB4E71CEE2CB80004D62C /* Icon-60@3x.png */,
				A53DB4E81CEE2CB80004D62C /* Icon-76.png */,
				A53DB4E91CEE2CB80004D62C /* Icon-76@2x.png */,
				A53DB4EA1CEE2CB80004D62C /* Icon-76@3x.png */,
				A53DB4EB1CEE2CB80004D62C /* Icon-iPadPro@2x.png */,
				A53DB4EC1CEE2CB80004D62C /* Icon-Small.png */,
				A53DB4ED1CEE2CB80004D62C /* Icon-Small@2x.png */,
				A53DB4EE1CEE2CB80004D62C /* Icon-Small@3x.png */,
				A53DB4EF1CEE2CB80004D62C /* Icon-Spotlight-40.png */,
				A53DB4F01CEE2CB80004D62C /* Icon-Spotlight-40@2x.png */,
				A53DB4F11CEE2CB80004D62C /* Icon-Spotlight-40@3x.png */,
				A591457A18B6552E00EA46C1 /* info.png */,
				A591457C18B6556000EA46C1 /* rank.png */,
				A5557F4318B5228A0001AF24 /* DestinyNumbers */,
			);
			name = images;
			sourceTree = "<group>";
		};
/* End PBXGroup section */

/* Begin PBXNativeTarget section */
		A595B1ED18B3ED79008DD02F /* Destiny Numbers */ = {
			isa = PBXNativeTarget;
			buildConfigurationList = A595B22018B3ED79008DD02F /* Build configuration list for PBXNativeTarget "Destiny Numbers" */;
			buildPhases = (
				A595B1EA18B3ED79008DD02F /* Sources */,
				A595B1EB18B3ED79008DD02F /* Frameworks */,
				A595B1EC18B3ED79008DD02F /* Resources */,
			);
			buildRules = (
			);
			dependencies = (
			);
			name = "Destiny Numbers";
			productName = DestinyNumbersv2;
			productReference = A595B1EE18B3ED79008DD02F /* Destiny Numbers.app */;
			productType = "com.apple.product-type.application";
		};
		A595B20E18B3ED79008DD02F /* DestinyNumbersv2Tests */ = {
			isa = PBXNativeTarget;
			buildConfigurationList = A595B22318B3ED79008DD02F /* Build configuration list for PBXNativeTarget "DestinyNumbersv2Tests" */;
			buildPhases = (
				A595B20B18B3ED79008DD02F /* Sources */,
				A595B20C18B3ED79008DD02F /* Frameworks */,
				A595B20D18B3ED79008DD02F /* Resources */,
			);
			buildRules = (
			);
			dependencies = (
				A595B21518B3ED79008DD02F /* PBXTargetDependency */,
			);
			name = DestinyNumbersv2Tests;
			productName = DestinyNumbersv2Tests;
			productReference = A595B20F18B3ED79008DD02F /* DestinyNumbersv2Tests.xctest */;
			productType = "com.apple.product-type.bundle.unit-test";
		};
/* End PBXNativeTarget section */

/* Begin PBXProject section */
		A595B1E618B3ED79008DD02F /* Project object */ = {
			isa = PBXProject;
			attributes = {
				LastUpgradeCheck = 0800;
				ORGANIZATIONNAME = burnsoft;
				TargetAttributes = {
					A595B1ED18B3ED79008DD02F = {
						DevelopmentTeam = MF94VYSKL4;
					};
					A595B20E18B3ED79008DD02F = {
						TestTargetID = A595B1ED18B3ED79008DD02F;
					};
				};
			};
			buildConfigurationList = A595B1E918B3ED79008DD02F /* Build configuration list for PBXProject "DestinyNumbersv2" */;
			compatibilityVersion = "Xcode 3.2";
			developmentRegion = English;
			hasScannedForEncodings = 0;
			knownRegions = (
				en,
				Base,
			);
			mainGroup = A595B1E518B3ED79008DD02F;
			productRefGroup = A595B1EF18B3ED79008DD02F /* Products */;
			projectDirPath = "";
			projectRoot = "";
			targets = (
				A595B1ED18B3ED79008DD02F /* Destiny Numbers */,
				A595B20E18B3ED79008DD02F /* DestinyNumbersv2Tests */,
			);
		};
/* End PBXProject section */

/* Begin PBXResourcesBuildPhase section */
		A595B1EC18B3ED79008DD02F /* Resources */ = {
			isa = PBXResourcesBuildPhase;
			buildActionMask = 2147483647;
			files = (
				A5F427E81D0B450000374950 /* Default-568h@2x.png in Resources */,
				A5F427E91D0B450000374950 /* Icon-60.png in Resources */,
				A5F427EA1D0B450000374950 /* Icon-60@2x.png in Resources */,
				A5F427EB1D0B450000374950 /* Icon-60@3x.png in Resources */,
				A5F427EC1D0B450000374950 /* Icon-76.png in Resources */,
				A5F427ED1D0B450000374950 /* Icon-76@2x.png in Resources */,
				A5F427EE1D0B450000374950 /* Icon-76@3x.png in Resources */,
				A5F427EF1D0B450000374950 /* Icon-iPadPro@2x.png in Resources */,
				A5F427F01D0B450000374950 /* Icon-Small.png in Resources */,
				A5F427F11D0B450000374950 /* Icon-Small@2x.png in Resources */,
				A5F427F21D0B450000374950 /* Icon-Small@3x.png in Resources */,
				A5F427F31D0B450000374950 /* Icon-Spotlight-40.png in Resources */,
				A5F427F41D0B450000374950 /* Icon-Spotlight-40@2x.png in Resources */,
				A5F427F51D0B450000374950 /* Icon-Spotlight-40@3x.png in Resources */,
				A5F427F61D0B450000374950 /* info.png in Resources */,
				A5F427F71D0B450000374950 /* rank.png in Resources */,
				A595B20A18B3ED79008DD02F /* Images.xcassets in Resources */,
				A595B1FC18B3ED79008DD02F /* InfoPlist.strings in Resources */,
				A595B20518B3ED79008DD02F /* Main.storyboard in Resources */,
			);
			runOnlyForDeploymentPostprocessing = 0;
		};
		A595B20D18B3ED79008DD02F /* Resources */ = {
			isa = PBXResourcesBuildPhase;
			buildActionMask = 2147483647;
			files = (
				A595B21B18B3ED79008DD02F /* InfoPlist.strings in Resources */,
			);
			runOnlyForDeploymentPostprocessing = 0;
		};
/* End PBXResourcesBuildPhase section */

/* Begin PBXSourcesBuildPhase section */
		A595B1EA18B3ED79008DD02F /* Sources */ = {
			isa = PBXSourcesBuildPhase;
			buildActionMask = 2147483647;
			files = (
				A59145A018B67B9E00EA46C1 /* destinyViewAboutNavViewController.m in Sources */,
				A595B23718B3F323008DD02F /* destinyViewAboutViewController.m in Sources */,
				A595B22E18B3F288008DD02F /* DestinyNumberNavViewController.m in Sources */,
				A595B20218B3ED79008DD02F /* AppDelegate.m in Sources */,
				A595B23418B3F30C008DD02F /* DestinyNumberViewController.m in Sources */,
				A595B1FE18B3ED79008DD02F /* main.m in Sources */,
				A595B23118B3F2E9008DD02F /* DestinyNumberTabBarController.m in Sources */,
				A595B23A18B3F97C008DD02F /* DestinyNumbers.m in Sources */,
			);
			runOnlyForDeploymentPostprocessing = 0;
		};
		A595B20B18B3ED79008DD02F /* Sources */ = {
			isa = PBXSourcesBuildPhase;
			buildActionMask = 2147483647;
			files = (
				A595B21D18B3ED79008DD02F /* DestinyNumbersv2Tests.m in Sources */,
			);
			runOnlyForDeploymentPostprocessing = 0;
		};
/* End PBXSourcesBuildPhase section */

/* Begin PBXTargetDependency section */
		A595B21518B3ED79008DD02F /* PBXTargetDependency */ = {
			isa = PBXTargetDependency;
			target = A595B1ED18B3ED79008DD02F /* Destiny Numbers */;
			targetProxy = A595B21418B3ED79008DD02F /* PBXContainerItemProxy */;
		};
/* End PBXTargetDependency section */

/* Begin PBXVariantGroup section */
		A595B1FA18B3ED79008DD02F /* InfoPlist.strings */ = {
			isa = PBXVariantGroup;
			children = (
				A595B1FB18B3ED79008DD02F /* en */,
			);
			name = InfoPlist.strings;
			sourceTree = "<group>";
		};
		A595B20318B3ED79008DD02F /* Main.storyboard */ = {
			isa = PBXVariantGroup;
			children = (
				A595B20418B3ED79008DD02F /* Base */,
			);
			name = Main.storyboard;
			sourceTree = "<group>";
		};
		A595B21918B3ED79008DD02F /* InfoPlist.strings */ = {
			isa = PBXVariantGroup;
			children = (
				A595B21A18B3ED79008DD02F /* en */,
			);
			name = InfoPlist.strings;
			sourceTree = "<group>";
		};
/* End PBXVariantGroup section */

/* Begin XCBuildConfiguration section */
		A595B21E18B3ED79008DD02F /* Debug */ = {
			isa = XCBuildConfiguration;
			buildSettings = {
				ALWAYS_SEARCH_USER_PATHS = NO;
				CLANG_CXX_LANGUAGE_STANDARD = "gnu++0x";
				CLANG_CXX_LIBRARY = "libc++";
				CLANG_ENABLE_MODULES = YES;
				CLANG_ENABLE_OBJC_ARC = YES;
				CLANG_WARN_BOOL_CONVERSION = YES;
				CLANG_WARN_CONSTANT_CONVERSION = YES;
				CLANG_WARN_DIRECT_OBJC_ISA_USAGE = YES_ERROR;
				CLANG_WARN_EMPTY_BODY = YES;
				CLANG_WARN_ENUM_CONVERSION = YES;
				CLANG_WARN_INFINITE_RECURSION = YES;
				CLANG_WARN_INT_CONVERSION = YES;
				CLANG_WARN_OBJC_ROOT_CLASS = YES_ERROR;
				CLANG_WARN_SUSPICIOUS_MOVE = YES;
				CLANG_WARN_UNREACHABLE_CODE = YES;
				CLANG_WARN__DUPLICATE_METHOD_MATCH = YES;
				"CODE_SIGN_IDENTITY[sdk=iphoneos*]" = "iPhone Developer";
				COPY_PHASE_STRIP = NO;
				ENABLE_STRICT_OBJC_MSGSEND = YES;
				ENABLE_TESTABILITY = YES;
				GCC_C_LANGUAGE_STANDARD = gnu99;
				GCC_DYNAMIC_NO_PIC = NO;
				GCC_NO_COMMON_BLOCKS = YES;
				GCC_OPTIMIZATION_LEVEL = 0;
				GCC_PREPROCESSOR_DEFINITIONS = (
					"DEBUG=1",
					"$(inherited)",
				);
				GCC_SYMBOLS_PRIVATE_EXTERN = NO;
				GCC_WARN_64_TO_32_BIT_CONVERSION = YES;
				GCC_WARN_ABOUT_RETURN_TYPE = YES_ERROR;
				GCC_WARN_UNDECLARED_SELECTOR = YES;
				GCC_WARN_UNINITIALIZED_AUTOS = YES;
				GCC_WARN_UNUSED_FUNCTION = YES;
				GCC_WARN_UNUSED_VARIABLE = YES;
				IPHONEOS_DEPLOYMENT_TARGET = 9.3;
				ONLY_ACTIVE_ARCH = YES;
				SDKROOT = iphoneos;
			};
			name = Debug;
		};
		A595B21F18B3ED79008DD02F /* Release */ = {
			isa = XCBuildConfiguration;
			buildSettings = {
				ALWAYS_SEARCH_USER_PATHS = NO;
				CLANG_CXX_LANGUAGE_STANDARD = "gnu++0x";
				CLANG_CXX_LIBRARY = "libc++";
				CLANG_ENABLE_MODULES = YES;
				CLANG_ENABLE_OBJC_ARC = YES;
				CLANG_WARN_BOOL_CONVERSION = YES;
				CLANG_WARN_CONSTANT_CONVERSION = YES;
				CLANG_WARN_DIRECT_OBJC_ISA_USAGE = YES_ERROR;
				CLANG_WARN_EMPTY_BODY = YES;
				CLANG_WARN_ENUM_CONVERSION = YES;
				CLANG_WARN_INFINITE_RECURSION = YES;
				CLANG_WARN_INT_CONVERSION = YES;
				CLANG_WARN_OBJC_ROOT_CLASS = YES_ERROR;
				CLANG_WARN_SUSPICIOUS_MOVE = YES;
				CLANG_WARN_UNREACHABLE_CODE = YES;
				CLANG_WARN__DUPLICATE_METHOD_MATCH = YES;
				"CODE_SIGN_IDENTITY[sdk=iphoneos*]" = "iPhone Developer";
				COPY_PHASE_STRIP = YES;
				ENABLE_NS_ASSERTIONS = NO;
				ENABLE_STRICT_OBJC_MSGSEND = YES;
				GCC_C_LANGUAGE_STANDARD = gnu99;
				GCC_NO_COMMON_BLOCKS = YES;
				GCC_WARN_64_TO_32_BIT_CONVERSION = YES;
				GCC_WARN_ABOUT_RETURN_TYPE = YES_ERROR;
				GCC_WARN_UNDECLARED_SELECTOR = YES;
				GCC_WARN_UNINITIALIZED_AUTOS = YES;
				GCC_WARN_UNUSED_FUNCTION = YES;
				GCC_WARN_UNUSED_VARIABLE = YES;
				IPHONEOS_DEPLOYMENT_TARGET = 9.3;
				SDKROOT = iphoneos;
				VALIDATE_PRODUCT = YES;
			};
			name = Release;
		};
		A595B22118B3ED79008DD02F /* Debug */ = {
			isa = XCBuildConfiguration;
			buildSettings = {
				ASSETCATALOG_COMPILER_APPICON_NAME = AppIcon;
				CODE_SIGN_IDENTITY = "iPhone Developer";
				"CODE_SIGN_IDENTITY[sdk=iphoneos*]" = "iPhone Developer";
				GCC_PRECOMPILE_PREFIX_HEADER = YES;
				GCC_PREFIX_HEADER = "DestinyNumbersv2/DestinyNumbersv2-Prefix.pch";
				INFOPLIST_FILE = "DestinyNumbersv2/DestinyNumbersv2-Info.plist";
				IPHONEOS_DEPLOYMENT_TARGET = 9.3;
				PRODUCT_BUNDLE_IDENTIFIER = net.burnsoft.DestinyNumbers;
				PRODUCT_NAME = "Destiny Numbers";
				PROVISIONING_PROFILE = "";
				WRAPPER_EXTENSION = app;
			};
			name = Debug;
		};
		A595B22218B3ED79008DD02F /* Release */ = {
			isa = XCBuildConfiguration;
			buildSettings = {
				ASSETCATALOG_COMPILER_APPICON_NAME = AppIcon;
				CODE_SIGN_IDENTITY = "iPhone Developer";
				"CODE_SIGN_IDENTITY[sdk=iphoneos*]" = "iPhone Developer";
				GCC_PRECOMPILE_PREFIX_HEADER = YES;
				GCC_PREFIX_HEADER = "DestinyNumbersv2/DestinyNumbersv2-Prefix.pch";
				INFOPLIST_FILE = "DestinyNumbersv2/DestinyNumbersv2-Info.plist";
				IPHONEOS_DEPLOYMENT_TARGET = 9.3;
				PRODUCT_BUNDLE_IDENTIFIER = net.burnsoft.DestinyNumbers;
				PRODUCT_NAME = "Destiny Numbers";
				PROVISIONING_PROFILE = "";
				WRAPPER_EXTENSION = app;
			};
			name = Release;
		};
		A595B22418B3ED79008DD02F /* Debug */ = {
			isa = XCBuildConfiguration;
			buildSettings = {
				BUNDLE_LOADER = "$(BUILT_PRODUCTS_DIR)/DestinyNumbersv2.app/DestinyNumbersv2";
				FRAMEWORK_SEARCH_PATHS = (
					"$(SDKROOT)/Developer/Library/Frameworks",
					"$(inherited)",
					"$(DEVELOPER_FRAMEWORKS_DIR)",
				);
				GCC_PRECOMPILE_PREFIX_HEADER = YES;
				GCC_PREFIX_HEADER = "DestinyNumbersv2/DestinyNumbersv2-Prefix.pch";
				GCC_PREPROCESSOR_DEFINITIONS = (
					"DEBUG=1",
					"$(inherited)",
				);
				INFOPLIST_FILE = "DestinyNumbersv2Tests/DestinyNumbersv2Tests-Info.plist";
				PRODUCT_BUNDLE_IDENTIFIER = "net.burnsoft.${PRODUCT_NAME:rfc1034identifier}";
				PRODUCT_NAME = "$(TARGET_NAME)";
				TEST_HOST = "$(BUNDLE_LOADER)";
				WRAPPER_EXTENSION = xctest;
			};
			name = Debug;
		};
		A595B22518B3ED79008DD02F /* Release */ = {
			isa = XCBuildConfiguration;
			buildSettings = {
				BUNDLE_LOADER = "$(BUILT_PRODUCTS_DIR)/DestinyNumbersv2.app/DestinyNumbersv2";
				FRAMEWORK_SEARCH_PATHS = (
					"$(SDKROOT)/Developer/Library/Frameworks",
					"$(inherited)",
					"$(DEVELOPER_FRAMEWORKS_DIR)",
				);
				GCC_PRECOMPILE_PREFIX_HEADER = YES;
				GCC_PREFIX_HEADER = "DestinyNumbersv2/DestinyNumbersv2-Prefix.pch";
				INFOPLIST_FILE = "DestinyNumbersv2Tests/DestinyNumbersv2Tests-Info.plist";
				PRODUCT_BUNDLE_IDENTIFIER = "net.burnsoft.${PRODUCT_NAME:rfc1034identifier}";
				PRODUCT_NAME = "$(TARGET_NAME)";
				TEST_HOST = "$(BUNDLE_LOADER)";
				WRAPPER_EXTENSION = xctest;
			};
			name = Release;
		};
/* End XCBuildConfiguration section */

/* Begin XCConfigurationList section */
		A595B1E918B3ED79008DD02F /* Build configuration list for PBXProject "DestinyNumbersv2" */ = {
			isa = XCConfigurationList;
			buildConfigurations = (
				A595B21E18B3ED79008DD02F /* Debug */,
				A595B21F18B3ED79008DD02F /* Release */,
			);
			defaultConfigurationIsVisible = 0;
			defaultConfigurationName = Release;
		};
		A595B22018B3ED79008DD02F /* Build configuration list for PBXNativeTarget "Destiny Numbers" */ = {
			isa = XCConfigurationList;
			buildConfigurations = (
				A595B22118B3ED79008DD02F /* Debug */,
				A595B22218B3ED79008DD02F /* Release */,
			);
			defaultConfigurationIsVisible = 0;
			defaultConfigurationName = Release;
		};
		A595B22318B3ED79008DD02F /* Build configuration list for PBXNativeTarget "DestinyNumbersv2Tests" */ = {
			isa = XCConfigurationList;
			buildConfigurations = (
				A595B22418B3ED79008DD02F /* Debug */,
				A595B22518B3ED79008DD02F /* Release */,
			);
			defaultConfigurationIsVisible = 0;
			defaultConfigurationName = Release;
		};
/* End XCConfigurationList section */
	};
	rootObject = A595B1E618B3ED79008DD02F /* Project object */;
}
